github.com/creack/pty v1.1.9/go.mod h1:oKZEueFk5CKHvIhNR5MUki03XCEU+Q6VDXinZuGJ33E=
github.com/kr/pretty v0.3.1 h1:flRD4NNwYAUpkphVc1HcthR4KEIFJ65n8Mw5qdRn3LE=
github.com/kr/pretty v0.3.1/go.mod h1:hoEshYVHaxMs3cyo3Yncou5ZscifuDolrwPKZanG3xk=
github.com/kr/text v0.2.0 h1:5Nx0Ya0ZqY2ygV366QzturHI13Jq95ApcVaJBhpS+AY=
github.com/kr/text v0.2.0/go.mod h1:eLer722TekiGuMkidMxC/pM04lWEeraHUUmBw8l2grE=
github.com/pkg/diff v0.0.0-20210226163009-20ebb0f2a09e/go.mod h1:pJLUxLENpZxwdsKMEsNbx1VGcRFpLqf3715MtcvvzbA=
github.com/rogpeppe/go-internal v1.9.0 h1:73kH8U+JUqXU8lRuOHeVHaa/SZPifC7BkcraZVejAe8=
github.com/rogpeppe/go-internal v1.9.0/go.mod h1:WtVeX8xhTBvf0smdhujwtBcq4Qrzq/fJaraNFVN+nFs=
github.com/vault-thirteen/IPARC v0.11.2 h1:EzmpK4Y7Ml5uNdFLmLGaXL/e9rrPDu/7PE9ahpwHSsI=
github.com/vault-thirteen/IPARC v0.11.2/go.mod h1:bjwts6AWDvev4IdOPKQO6n+IrEukky8obpjEpCjI9Ck=
github.com/vault-thirteen/MIME v1.9.0 h1:Po5BihSp6Bmijo6JD+1Mmlx4u5Ge3cj0UqHynBDLaho=
github.com/vault-thirteen/MIME v1.9.0/go.mod h1:t/VAI4mg2/s0XwQ097hNWTKKw2B/LL93QzhV5tXjPGw=
github.com/vault-thirteen/VCS v0.6.0 h1:MIwABcandZw1po3d9lJtEymxw0UoTNhr1//ZYtMwnf8=
github.com/vault-thirteen/VCS v0.6.0/go.mod h1:DfqpsSZvoiVXbob74JuatGAoM2NeVv4v2EHcRHVznKU=
github.com/vault-thirteen/Versioneer v0.9.0 h1:ktAQRQheV17qf24NlgL5Fu6Dac1rqE7XxEUQ79PHPKc=
github.com/vault-thirteen/Versioneer v0.9.0/go.mod h1:6aPZ7vxOvOySmt3fQp1U7xCe1T5H9EuSJYQPOBboxg4=
github.com/vault-thirteen/auxie v0.15.0 h1:eWnsxgMOU6yD7iw/Lr7PimlTBDDKky0l0eeyeSr02bo=
github.com/vault-thirteen/auxie v0.15.0/go.mod h1:vzMDgJ6kykJtQ9hzsOdl5da7WclCyX38XrelHJrxstQ=
github.com/vault-thirteen/errorz v1.2.0 h1:i2w9yHqYrsqOWyVPVMeEfv1TIATULW8PxnRGhySeyZ8=
github.com/vault-thirteen/errorz v1.2.0/go.mod h1:+1mqgPir0fmbjS/MmElLOouoNycetmwtYdmmbjQI9PI=
github.com/vault-thirteen/header v1.4.0 h1:ddFPWEJOpXqHoNNKpEdq9Kt3J+JXhxZBaRLgOknQZ+A=
github.com/vault-thirteen/header v1.4.0/go.mod h1:d5OZnwd79kKmCq0pGM++vmFdpZpYKDnnpYa0Nw1nTxo=
github.com/vault-thirteen/tester v1.2.0 h1:eUfPZqS5bXbQ+6Zed9EceN3ddsOBBMZoU0y+/eJV8cc=
