github.com/creack/pty v1.1.9/go.mod h1:oKZEueFk5CKHvIhNR5MUki03XCEU+Q6VDXinZuGJ33E=
github.com/kr/pretty v0.3.1 h1:flRD4NNwYAUpkphVc1HcthR4KEIFJ65n8Mw5qdRn3LE=
github.com/kr/pretty v0.3.1/go.mod h1:hoEshYVHaxMs3cyo3Yncou5ZscifuDolrwPKZanG3xk=
github.com/kr/text v0.2.0 h1:5Nx0Ya0ZqY2ygV366QzturHI13Jq95ApcVaJBhpS+AY=
github.com/kr/text v0.2.0/go.mod h1:eLer722TekiGuMkidMxC/pM04lWEeraHUUmBw8l2grE=
github.com/pkg/diff v0.0.0-20210226163009-20ebb0f2a09e/go.mod h1:pJLUxLENpZxwdsKMEsNbx1VGcRFpLqf3715MtcvvzbA=
github.com/rogpeppe/go-internal v1.9.0 h1:73kH8U+JUqXU8lRuOHeVHaa/SZPifC7BkcraZVejAe8=
github.com/rogpeppe/go-internal v1.9.0/go.mod h1:WtVeX8xhTBvf0smdhujwtBcq4Qrzq/fJaraNFVN+nFs=
github.com/vault-thirteen/IPARC v0.10.0 h1:j0YT3RYyMW/pFnMW5bTrI4afWIAbj+tL2hM8fpwNyXc=
github.com/vault-thirteen/IPARC v0.10.0/go.mod h1:tVGOJBz+QnKOIsBEpWUJzQuvnmUEuiVibAXbVsCPtzI=
github.com/vault-thirteen/MIME v1.8.0 h1:ICrUtqL+6BH1V/nXTjDsYWzfBCbp1D4YLjRYsNxz5nU=
github.com/vault-thirteen/MIME v1.8.0/go.mod h1:t/VAI4mg2/s0XwQ097hNWTKKw2B/LL93QzhV5tXjPGw=
github.com/vault-thirteen/VCS v0.4.0 h1:L4ZdVBnpO4s86bxneWXLkui701TKkdcLwJJ5xyKcJ3Y=
github.com/vault-thirteen/VCS v0.4.0/go.mod h1:ddFUx9MdOWLFvRI5Yg249bACmLgZgY7+mJwXFhBwrbg=
github.com/vault-thirteen/Versioneer v0.7.0 h1:8sIMNSwBHwBmuVqsfcczN6+vhD2omoD6yzpIIrsATo4=
github.com/vault-thirteen/Versioneer v0.7.0/go.mod h1:q30K6sHuxzFxHD9vwKWwDSXU8MDjRaRJVAZW6n0FmwE=
github.com/vault-thirteen/auxie v0.13.0 h1:4n1IgBxdPNqkq5JaiezK6LNBWWlc2Rqx1C5sDWvK8Sc=
github.com/vault-thirteen/auxie v0.13.0/go.mod h1:2dLHTsvcMz4XgJqiByn4jfW/DWyWwuxo/0o5sbMkQ4I=
github.com/vault-thirteen/errorz v1.2.0 h1:i2w9yHqYrsqOWyVPVMeEfv1TIATULW8PxnRGhySeyZ8=
github.com/vault-thirteen/errorz v1.2.0/go.mod h1:+1mqgPir0fmbjS/MmElLOouoNycetmwtYdmmbjQI9PI=
github.com/vault-thirteen/header v1.3.0 h1:mvmd0AAOst1BlwpmYcf6iRfPTXcbIEwJOrrvXVwUhac=
github.com/vault-thirteen/header v1.3.0/go.mod h1:d5OZnwd79kKmCq0pGM++vmFdpZpYKDnnpYa0Nw1nTxo=
github.com/vault-thirteen/tester v1.2.0 h1:eUfPZqS5bXbQ+6Zed9EceN3ddsOBBMZoU0y+/eJV8cc=
